
Microsoft Visual Studio Solution File, Format Version 12.00
# Visual Studio Version 17
VisualStudioVersion = 17.14.36408.4
MinimumVisualStudioVersion = 10.0.40219.1
Project("{FAE04EC0-301F-11D3-BF4B-00C04F79EFBC}") = "GameControllerMapper", "GameControllerMapper\GameControllerMapper.csproj", "{EADF1CAF-09FD-4D0D-898B-392110BFE26E}"
EndProject
Global
	GlobalSection(SolutionConfigurationPlatforms) = preSolution
		Debug|Any CPU = Debug|Any CPU
		Release|Any CPU = Release|Any CPU
	EndGlobalSection
	GlobalSection(ProjectConfigurationPlatforms) = postSolution
		{EADF1CAF-09FD-4D0D-898B-392110BFE26E}.Debug|Any CPU.ActiveCfg = Debug|Any CPU
		{EADF1CAF-09FD-4D0D-898B-392110BFE26E}.Debug|Any CPU.Build.0 = Debug|Any CPU
		{EADF1CAF-09FD-4D0D-898B-392110BFE26E}.Release|Any CPU.ActiveCfg = Release|Any CPU
		{EADF1CAF-09FD-4D0D-898B-392110BFE26E}.Release|Any CPU.Build.0 = Release|Any CPU
	EndGlobalSection
	GlobalSection(SolutionProperties) = preSolution
		HideSolutionNode = FALSE
	EndGlobalSection
	GlobalSection(ExtensibilityGlobals) = postSolution
		SolutionGuid = {F53B5A58-EBE3-4D1B-B696-28D94D3282E6}
	EndGlobalSection
EndGlobal
